
Microsoft Visual Studio Solution File, Format Version 12.00
# Visual Studio Version 16
VisualStudioVersion = 16.0.31025.194
MinimumVisualStudioVersion = 10.0.40219.1
Project("{FAE04EC0-301F-11D3-BF4B-00C04F79EFBC}") = "matematica", "matematica\matematica.csproj", "{4D3DDF81-6FB4-47B2-B2C3-D87E8D5ADD8E}"
EndProject
Global
	GlobalSection(SolutionConfigurationPlatforms) = preSolution
		Debug|Any CPU = Debug|Any CPU
		Release|Any CPU = Release|Any CPU
	EndGlobalSection
	GlobalSection(ProjectConfigurationPlatforms) = postSolution
		{4D3DDF81-6FB4-47B2-B2C3-D87E8D5ADD8E}.Debug|Any CPU.ActiveCfg = Debug|Any CPU
		{4D3DDF81-6FB4-47B2-B2C3-D87E8D5ADD8E}.Debug|Any CPU.Build.0 = Debug|Any CPU
		{4D3DDF81-6FB4-47B2-B2C3-D87E8D5ADD8E}.Release|Any CPU.ActiveCfg = Release|Any CPU
		{4D3DDF81-6FB4-47B2-B2C3-D87E8D5ADD8E}.Release|Any CPU.Build.0 = Release|Any CPU
	EndGlobalSection
	GlobalSection(SolutionProperties) = preSolution
		HideSolutionNode = FALSE
	EndGlobalSection
	GlobalSection(ExtensibilityGlobals) = postSolution
		SolutionGuid = {9C145A7E-7E4E-436D-A443-5413A989422F}
	EndGlobalSection
EndGlobal
